// !$*UTF8*$!
{
	archiveVersion = 1;
	classes = {
	};
	objectVersion = 48;
	objects = {

/* Begin PBXBuildFile section */
		691994EB20952EFA005D361F /* TableViewController.swift in Sources */ = {isa = PBXBuildFile; fileRef = 691994EA20952EFA005D361F /* TableViewController.swift */; };
		691994EF20953098005D361F /* TableViewCell.swift in Sources */ = {isa = PBXBuildFile; fileRef = 691994EE20953098005D361F /* TableViewCell.swift */; };
		691994F1209546F6005D361F /* MyAnnotation.swift in Sources */ = {isa = PBXBuildFile; fileRef = 691994F0209546F6005D361F /* MyAnnotation.swift */; };
		691994F3209549CE005D361F /* FotoDetailViewController.swift in Sources */ = {isa = PBXBuildFile; fileRef = 691994F2209549CE005D361F /* FotoDetailViewController.swift */; };
		691994F520954E94005D361F /* MapViewController.swift in Sources */ = {isa = PBXBuildFile; fileRef = 691994F420954E94005D361F /* MapViewController.swift */; };
		691E5FF320A88C18009540C1 /* AppData.swift in Sources */ = {isa = PBXBuildFile; fileRef = 691E5FF220A88C18009540C1 /* AppData.swift */; };
		694211BE209523B100409550 /* AppDelegate.swift in Sources */ = {isa = PBXBuildFile; fileRef = 694211BD209523B100409550 /* AppDelegate.swift */; };
		694211C0209523B100409550 /* PersoonDetailViewController.swift in Sources */ = {isa = PBXBuildFile; fileRef = 694211BF209523B100409550 /* PersoonDetailViewController.swift */; };
		694211C3209523B100409550 /* Main.storyboard in Resources */ = {isa = PBXBuildFile; fileRef = 694211C1209523B100409550 /* Main.storyboard */; };
		694211C6209523B100409550 /* Maike_Meuris_2MAWA_werkstuk1.xcdatamodeld in Sources */ = {isa = PBXBuildFile; fileRef = 694211C4209523B100409550 /* Maike_Meuris_2MAWA_werkstuk1.xcdatamodeld */; };
		694211C8209523B100409550 /* Assets.xcassets in Resources */ = {isa = PBXBuildFile; fileRef = 694211C7209523B100409550 /* Assets.xcassets */; };
		694211CB209523B100409550 /* LaunchScreen.storyboard in Resources */ = {isa = PBXBuildFile; fileRef = 694211C9209523B100409550 /* LaunchScreen.storyboard */; };
		694211D3209526B200409550 /* Persoon.swift in Sources */ = {isa = PBXBuildFile; fileRef = 694211D2209526B200409550 /* Persoon.swift */; };
		694211D5209526FE00409550 /* Adres.swift in Sources */ = {isa = PBXBuildFile; fileRef = 694211D4209526FE00409550 /* Adres.swift */; };
/* End PBXBuildFile section */

/* Begin PBXFileReference section */
		691994EA20952EFA005D361F /* TableViewController.swift */ = {isa = PBXFileReference; lastKnownFileType = sourcecode.swift; path = TableViewController.swift; sourceTree = "<group>"; };
		691994EE20953098005D361F /* TableViewCell.swift */ = {isa = PBXFileReference; lastKnownFileType = sourcecode.swift; path = TableViewCell.swift; sourceTree = "<group>"; };
		691994F0209546F6005D361F /* MyAnnotation.swift */ = {isa = PBXFileReference; lastKnownFileType = sourcecode.swift; path = MyAnnotation.swift; sourceTree = "<group>"; };
		691994F2209549CE005D361F /* FotoDetailViewController.swift */ = {isa = PBXFileReference; lastKnownFileType = sourcecode.swift; path = FotoDetailViewController.swift; sourceTree = "<group>"; };
		691994F420954E94005D361F /* MapViewController.swift */ = {isa = PBXFileReference; lastKnownFileType = sourcecode.swift; path = MapViewController.swift; sourceTree = "<group>"; };
		691E5FF220A88C18009540C1 /* AppData.swift */ = {isa = PBXFileReference; lastKnownFileType = sourcecode.swift; path = AppData.swift; sourceTree = "<group>"; };
		694211BA209523B100409550 /* Maike_Meuris_2MAWA_werkstuk1.app */ = {isa = PBXFileReference; explicitFileType = wrapper.application; includeInIndex = 0; path = Maike_Meuris_2MAWA_werkstuk1.app; sourceTree = BUILT_PRODUCTS_DIR; };
		694211BD209523B100409550 /* AppDelegate.swift */ = {isa = PBXFileReference; lastKnownFileType = sourcecode.swift; path = AppDelegate.swift; sourceTree = "<group>"; };
		694211BF209523B100409550 /* PersoonDetailViewController.swift */ = {isa = PBXFileReference; lastKnownFileType = sourcecode.swift; path = PersoonDetailViewController.swift; sourceTree = "<group>"; };
		694211C2209523B100409550 /* Base */ = {isa = PBXFileReference; lastKnownFileType = file.storyboard; name = Base; path = Base.lproj/Main.storyboard; sourceTree = "<group>"; };
		694211C5209523B100409550 /* Maike_Meuris_2MAWA_werkstuk1.xcdatamodel */ = {isa = PBXFileReference; lastKnownFileType = wrapper.xcdatamodel; path = Maike_Meuris_2MAWA_werkstuk1.xcdatamodel; sourceTree = "<group>"; };
		694211C7209523B100409550 /* Assets.xcassets */ = {isa = PBXFileReference; lastKnownFileType = folder.assetcatalog; path = Assets.xcassets; sourceTree = "<group>"; };
		694211CA209523B100409550 /* Base */ = {isa = PBXFileReference; lastKnownFileType = file.storyboard; name = Base; path = Base.lproj/LaunchScreen.storyboard; sourceTree = "<group>"; };
		694211CC209523B100409550 /* Info.plist */ = {isa = PBXFileReference; lastKnownFileType = text.plist.xml; path = Info.plist; sourceTree = "<group>"; };
		694211D2209526B200409550 /* Persoon.swift */ = {isa = PBXFileReference; lastKnownFileType = sourcecode.swift; path = Persoon.swift; sourceTree = "<group>"; };
		694211D4209526FE00409550 /* Adres.swift */ = {isa = PBXFileReference; lastKnownFileType = sourcecode.swift; path = Adres.swift; sourceTree = "<group>"; };
/* End PBXFileReference section */

/* Begin PBXFrameworksBuildPhase section */
		694211B7209523B100409550 /* Frameworks */ = {
			isa = PBXFrameworksBuildPhase;
			buildActionMask = 2147483647;
			files = (
			);
			runOnlyForDeploymentPostprocessing = 0;
		};
/* End PBXFrameworksBuildPhase section */

/* Begin PBXGroup section */
		694211B1209523B100409550 = {
			isa = PBXGroup;
			children = (
				694211BC209523B100409550 /* Maike_Meuris_2MAWA_werkstuk1 */,
				694211BB209523B100409550 /* Products */,
			);
			sourceTree = "<group>";
		};
		694211BB209523B100409550 /* Products */ = {
			isa = PBXGroup;
			children = (
				694211BA209523B100409550 /* Maike_Meuris_2MAWA_werkstuk1.app */,
			);
			name = Products;
			sourceTree = "<group>";
		};
		694211BC209523B100409550 /* Maike_Meuris_2MAWA_werkstuk1 */ = {
			isa = PBXGroup;
			children = (
				694211BD209523B100409550 /* AppDelegate.swift */,
				694211BF209523B100409550 /* PersoonDetailViewController.swift */,
				691994F2209549CE005D361F /* FotoDetailViewController.swift */,
				691E5FF220A88C18009540C1 /* AppData.swift */,
				691994F420954E94005D361F /* MapViewController.swift */,
				691994F0209546F6005D361F /* MyAnnotation.swift */,
				694211C1209523B100409550 /* Main.storyboard */,
				691994EA20952EFA005D361F /* TableViewController.swift */,
				691994EE20953098005D361F /* TableViewCell.swift */,
				694211C7209523B100409550 /* Assets.xcassets */,
				694211C9209523B100409550 /* LaunchScreen.storyboard */,
				694211CC209523B100409550 /* Info.plist */,
				694211C4209523B100409550 /* Maike_Meuris_2MAWA_werkstuk1.xcdatamodeld */,
				694211D2209526B200409550 /* Persoon.swift */,
				694211D4209526FE00409550 /* Adres.swift */,
			);
			path = Maike_Meuris_2MAWA_werkstuk1;
			sourceTree = "<group>";
		};
/* End PBXGroup section */

/* Begin PBXNativeTarget section */
		694211B9209523B100409550 /* Maike_Meuris_2MAWA_werkstuk1 */ = {
			isa = PBXNativeTarget;
			buildConfigurationList = 694211CF209523B100409550 /* Build configuration list for PBXNativeTarget "Maike_Meuris_2MAWA_werkstuk1" */;
			buildPhases = (
				694211B6209523B100409550 /* Sources */,
				694211B7209523B100409550 /* Frameworks */,
				694211B8209523B100409550 /* Resources */,
			);
			buildRules = (
			);
			dependencies = (
			);
			name = Maike_Meuris_2MAWA_werkstuk1;
			productName = Maike_Meuris_2MAWA_werkstuk1;
			productReference = 694211BA209523B100409550 /* Maike_Meuris_2MAWA_werkstuk1.app */;
			productType = "com.apple.product-type.application";
		};
/* End PBXNativeTarget section */

/* Begin PBXProject section */
		694211B2209523B100409550 /* Project object */ = {
			isa = PBXProject;
			attributes = {
				LastSwiftUpdateCheck = 0920;
				LastUpgradeCheck = 0920;
				ORGANIZATIONNAME = "Maike Meuris";
				TargetAttributes = {
					694211B9209523B100409550 = {
						CreatedOnToolsVersion = 9.2;
						ProvisioningStyle = Automatic;
					};
				};
			};
			buildConfigurationList = 694211B5209523B100409550 /* Build configuration list for PBXProject "Maike_Meuris_2MAWA_werkstuk1" */;
			compatibilityVersion = "Xcode 8.0";
			developmentRegion = en;
			hasScannedForEncodings = 0;
			knownRegions = (
				en,
				Base,
			);
			mainGroup = 694211B1209523B100409550;
			productRefGroup = 694211BB209523B100409550 /* Products */;
			projectDirPath = "";
			projectRoot = "";
			targets = (
				694211B9209523B100409550 /* Maike_Meuris_2MAWA_werkstuk1 */,
			);
		};
/* End PBXProject section */

/* Begin PBXResourcesBuildPhase section */
		694211B8209523B100409550 /* Resources */ = {
			isa = PBXResourcesBuildPhase;
			buildActionMask = 2147483647;
			files = (
				694211CB209523B100409550 /* LaunchScreen.storyboard in Resources */,
				694211C8209523B100409550 /* Assets.xcassets in Resources */,
				694211C3209523B100409550 /* Main.storyboard in Resources */,
			);
			runOnlyForDeploymentPostprocessing = 0;
		};
/* End PBXResourcesBuildPhase section */

/* Begin PBXSourcesBuildPhase section */
		694211B6209523B100409550 /* Sources */ = {
			isa = PBXSourcesBuildPhase;
			buildActionMask = 2147483647;
			files = (
				694211D5209526FE00409550 /* Adres.swift in Sources */,
				691994EF20953098005D361F /* TableViewCell.swift in Sources */,
				691994F1209546F6005D361F /* MyAnnotation.swift in Sources */,
				691994F520954E94005D361F /* MapViewController.swift in Sources */,
				691E5FF320A88C18009540C1 /* AppData.swift in Sources */,
				691994EB20952EFA005D361F /* TableViewController.swift in Sources */,
				691994F3209549CE005D361F /* FotoDetailViewController.swift in Sources */,
				694211C6209523B100409550 /* Maike_Meuris_2MAWA_werkstuk1.xcdatamodeld in Sources */,
				694211C0209523B100409550 /* PersoonDetailViewController.swift in Sources */,
				694211D3209526B200409550 /* Persoon.swift in Sources */,
				694211BE209523B100409550 /* AppDelegate.swift in Sources */,
			);
			runOnlyForDeploymentPostprocessing = 0;
		};
/* End PBXSourcesBuildPhase section */

/* Begin PBXVariantGroup section */
		694211C1209523B100409550 /* Main.storyboard */ = {
			isa = PBXVariantGroup;
			children = (
				694211C2209523B100409550 /* Base */,
			);
			name = Main.storyboard;
			sourceTree = "<group>";
		};
		694211C9209523B100409550 /* LaunchScreen.storyboard */ = {
			isa = PBXVariantGroup;
			children = (
				694211CA209523B100409550 /* Base */,
			);
			name = LaunchScreen.storyboard;
			sourceTree = "<group>";
		};
/* End PBXVariantGroup section */

/* Begin XCBuildConfiguration section */
		694211CD209523B100409550 /* Debug */ = {
			isa = XCBuildConfiguration;
			buildSettings = {
				ALWAYS_SEARCH_USER_PATHS = NO;
				CLANG_ANALYZER_NONNULL = YES;
				CLANG_ANALYZER_NUMBER_OBJECT_CONVERSION = YES_AGGRESSIVE;
				CLANG_CXX_LANGUAGE_STANDARD = "gnu++14";
				CLANG_CXX_LIBRARY = "libc++";
				CLANG_ENABLE_MODULES = YES;
				CLANG_ENABLE_OBJC_ARC = YES;
				CLANG_WARN_BLOCK_CAPTURE_AUTORELEASING = YES;
				CLANG_WARN_BOOL_CONVERSION = YES;
				CLANG_WARN_COMMA = YES;
				CLANG_WARN_CONSTANT_CONVERSION = YES;
				CLANG_WARN_DIRECT_OBJC_ISA_USAGE = YES_ERROR;
				CLANG_WARN_DOCUMENTATION_COMMENTS = YES;
				CLANG_WARN_EMPTY_BODY = YES;
				CLANG_WARN_ENUM_CONVERSION = YES;
				CLANG_WARN_INFINITE_RECURSION = YES;
				CLANG_WARN_INT_CONVERSION = YES;
				CLANG_WARN_NON_LITERAL_NULL_CONVERSION = YES;
				CLANG_WARN_OBJC_LITERAL_CONVERSION = YES;
				CLANG_WARN_OBJC_ROOT_CLASS = YES_ERROR;
				CLANG_WARN_RANGE_LOOP_ANALYSIS = YES;
				CLANG_WARN_STRICT_PROTOTYPES = YES;
				CLANG_WARN_SUSPICIOUS_MOVE = YES;
				CLANG_WARN_UNGUARDED_AVAILABILITY = YES_AGGRESSIVE;
				CLANG_WARN_UNREACHABLE_CODE = YES;
				CLANG_WARN__DUPLICATE_METHOD_MATCH = YES;
				CODE_SIGN_IDENTITY = "iPhone Developer";
				COPY_PHASE_STRIP = NO;
				DEBUG_INFORMATION_FORMAT = dwarf;
				ENABLE_STRICT_OBJC_MSGSEND = YES;
				ENABLE_TESTABILITY = YES;
				GCC_C_LANGUAGE_STANDARD = gnu11;
				GCC_DYNAMIC_NO_PIC = NO;
				GCC_NO_COMMON_BLOCKS = YES;
				GCC_OPTIMIZATION_LEVEL = 0;
				GCC_PREPROCESSOR_DEFINITIONS = (
					"DEBUG=1",
					"$(inherited)",
				);
				GCC_WARN_64_TO_32_BIT_CONVERSION = YES;
				GCC_WARN_ABOUT_RETURN_TYPE = YES_ERROR;
				GCC_WARN_UNDECLARED_SELECTOR = YES;
				GCC_WARN_UNINITIALIZED_AUTOS = YES_AGGRESSIVE;
				GCC_WARN_UNUSED_FUNCTION = YES;
				GCC_WARN_UNUSED_VARIABLE = YES;
				IPHONEOS_DEPLOYMENT_TARGET = 11.2;
				MTL_ENABLE_DEBUG_INFO = YES;
				ONLY_ACTIVE_ARCH = YES;
				SDKROOT = iphoneos;
				SWIFT_ACTIVE_COMPILATION_CONDITIONS = DEBUG;
				SWIFT_OPTIMIZATION_LEVEL = "-Onone";
			};
			name = Debug;
		};
		694211CE209523B100409550 /* Release */ = {
			isa = XCBuildConfiguration;
			buildSettings = {
				ALWAYS_SEARCH_USER_PATHS = NO;
				CLANG_ANALYZER_NONNULL = YES;
				CLANG_ANALYZER_NUMBER_OBJECT_CONVERSION = YES_AGGRESSIVE;
				CLANG_CXX_LANGUAGE_STANDARD = "gnu++14";
				CLANG_CXX_LIBRARY = "libc++";
				CLANG_ENABLE_MODULES = YES;
				CLANG_ENABLE_OBJC_ARC = YES;
				CLANG_WARN_BLOCK_CAPTURE_AUTORELEASING = YES;
				CLANG_WARN_BOOL_CONVERSION = YES;
				CLANG_WARN_COMMA = YES;
				CLANG_WARN_CONSTANT_CONVERSION = YES;
				CLANG_WARN_DIRECT_OBJC_ISA_USAGE = YES_ERROR;
				CLANG_WARN_DOCUMENTATION_COMMENTS = YES;
				CLANG_WARN_EMPTY_BODY = YES;
				CLANG_WARN_ENUM_CONVERSION = YES;
				CLANG_WARN_INFINITE_RECURSION = YES;
				CLANG_WARN_INT_CONVERSION = YES;
				CLANG_WARN_NON_LITERAL_NULL_CONVERSION = YES;
				CLANG_WARN_OBJC_LITERAL_CONVERSION = YES;
				CLANG_WARN_OBJC_ROOT_CLASS = YES_ERROR;
				CLANG_WARN_RANGE_LOOP_ANALYSIS = YES;
				CLANG_WARN_STRICT_PROTOTYPES = YES;
				CLANG_WARN_SUSPICIOUS_MOVE = YES;
				CLANG_WARN_UNGUARDED_AVAILABILITY = YES_AGGRESSIVE;
				CLANG_WARN_UNREACHABLE_CODE = YES;
				CLANG_WARN__DUPLICATE_METHOD_MATCH = YES;
				CODE_SIGN_IDENTITY = "iPhone Developer";
				COPY_PHASE_STRIP = NO;
				DEBUG_INFORMATION_FORMAT = "dwarf-with-dsym";
				ENABLE_NS_ASSERTIONS = NO;
				ENABLE_STRICT_OBJC_MSGSEND = YES;
				GCC_C_LANGUAGE_STANDARD = gnu11;
				GCC_NO_COMMON_BLOCKS = YES;
				GCC_WARN_64_TO_32_BIT_CONVERSION = YES;
				GCC_WARN_ABOUT_RETURN_TYPE = YES_ERROR;
				GCC_WARN_UNDECLARED_SELECTOR = YES;
				GCC_WARN_UNINITIALIZED_AUTOS = YES_AGGRESSIVE;
				GCC_WARN_UNUSED_FUNCTION = YES;
				GCC_WARN_UNUSED_VARIABLE = YES;
				IPHONEOS_DEPLOYMENT_TARGET = 11.2;
				MTL_ENABLE_DEBUG_INFO = NO;
				SDKROOT = iphoneos;
				SWIFT_OPTIMIZATION_LEVEL = "-Owholemodule";
				VALIDATE_PRODUCT = YES;
			};
			name = Release;
		};
		694211D0209523B100409550 /* Debug */ = {
			isa = XCBuildConfiguration;
			buildSettings = {
				ASSETCATALOG_COMPILER_APPICON_NAME = AppIcon;
				CODE_SIGN_STYLE = Automatic;
				INFOPLIST_FILE = Maike_Meuris_2MAWA_werkstuk1/Info.plist;
				LD_RUNPATH_SEARCH_PATHS = "$(inherited) @executable_path/Frameworks";
				PRODUCT_BUNDLE_IDENTIFIER = "mm.Maike-Meuris-2MAWA-werkstuk1";
				PRODUCT_NAME = "$(TARGET_NAME)";
				SWIFT_VERSION = 4.0;
				TARGETED_DEVICE_FAMILY = "1,2";
			};
			name = Debug;
		};
		694211D1209523B100409550 /* Release */ = {
			isa = XCBuildConfiguration;
			buildSettings = {
				ASSETCATALOG_COMPILER_APPICON_NAME = AppIcon;
				CODE_SIGN_STYLE = Automatic;
				INFOPLIST_FILE = Maike_Meuris_2MAWA_werkstuk1/Info.plist;
				LD_RUNPATH_SEARCH_PATHS = "$(inherited) @executable_path/Frameworks";
				PRODUCT_BUNDLE_IDENTIFIER = "mm.Maike-Meuris-2MAWA-werkstuk1";
				PRODUCT_NAME = "$(TARGET_NAME)";
				SWIFT_VERSION = 4.0;
				TARGETED_DEVICE_FAMILY = "1,2";
			};
			name = Release;
		};
/* End XCBuildConfiguration section */

/* Begin XCConfigurationList section */
		694211B5209523B100409550 /* Build configuration list for PBXProject "Maike_Meuris_2MAWA_werkstuk1" */ = {
			isa = XCConfigurationList;
			buildConfigurations = (
				694211CD209523B100409550 /* Debug */,
				694211CE209523B100409550 /* Release */,
			);
			defaultConfigurationIsVisible = 0;
			defaultConfigurationName = Release;
		};
		694211CF209523B100409550 /* Build configuration list for PBXNativeTarget "Maike_Meuris_2MAWA_werkstuk1" */ = {
			isa = XCConfigurationList;
			buildConfigurations = (
				694211D0209523B100409550 /* Debug */,
				694211D1209523B100409550 /* Release */,
			);
			defaultConfigurationIsVisible = 0;
			defaultConfigurationName = Release;
		};
/* End XCConfigurationList section */

/* Begin XCVersionGroup section */
		694211C4209523B100409550 /* Maike_Meuris_2MAWA_werkstuk1.xcdatamodeld */ = {
			isa = XCVersionGroup;
			children = (
				694211C5209523B100409550 /* Maike_Meuris_2MAWA_werkstuk1.xcdatamodel */,
			);
			currentVersion = 694211C5209523B100409550 /* Maike_Meuris_2MAWA_werkstuk1.xcdatamodel */;
			path = Maike_Meuris_2MAWA_werkstuk1.xcdatamodeld;
			sourceTree = "<group>";
			versionGroupType = wrapper.xcdatamodel;
		};
/* End XCVersionGroup section */
	};
	rootObject = 694211B2209523B100409550 /* Project object */;
}
